
Microsoft Visual Studio Solution File, Format Version 12.00
# Visual Studio Version 17
VisualStudioVersion = 17.14.36623.8
MinimumVisualStudioVersion = 10.0.40219.1
Project("{FAE04EC0-301F-11D3-BF4B-00C04F79EFBC}") = "Arkitektur.Entity", "Arkitektur.Entity\Arkitektur.Entity.csproj", "{3CD1B353-BE16-4318-8D64-C597AB241E94}"
EndProject
Project("{FAE04EC0-301F-11D3-BF4B-00C04F79EFBC}") = "Arkitektur.DataAccess", "Arkitektur.DataAccess\Arkitektur.DataAccess.csproj", "{7F2733C6-9DE0-4828-B5A5-71117C9596F4}"
EndProject
Project("{FAE04EC0-301F-11D3-BF4B-00C04F79EFBC}") = "Artitektur.Business", "Artitektur.Bussines\Artitektur.Business.csproj", "{6F55BB77-1E8E-459C-BA2B-1EBBEA7152DB}"
EndProject
Project("{FAE04EC0-301F-11D3-BF4B-00C04F79EFBC}") = "Arkitektur.API", "Arkitektur.API\Arkitektur.API.csproj", "{53E23987-53DB-42DE-8AF1-0ED9FC6C903A}"
EndProject
Global
	GlobalSection(SolutionConfigurationPlatforms) = preSolution
		Debug|Any CPU = Debug|Any CPU
		Release|Any CPU = Release|Any CPU
	EndGlobalSection
	GlobalSection(ProjectConfigurationPlatforms) = postSolution
		{3CD1B353-BE16-4318-8D64-C597AB241E94}.Debug|Any CPU.ActiveCfg = Debug|Any CPU
		{3CD1B353-BE16-4318-8D64-C597AB241E94}.Debug|Any CPU.Build.0 = Debug|Any CPU
		{3CD1B353-BE16-4318-8D64-C597AB241E94}.Release|Any CPU.ActiveCfg = Release|Any CPU
		{3CD1B353-BE16-4318-8D64-C597AB241E94}.Release|Any CPU.Build.0 = Release|Any CPU
		{7F2733C6-9DE0-4828-B5A5-71117C9596F4}.Debug|Any CPU.ActiveCfg = Debug|Any CPU
		{7F2733C6-9DE0-4828-B5A5-71117C9596F4}.Debug|Any CPU.Build.0 = Debug|Any CPU
		{7F2733C6-9DE0-4828-B5A5-71117C9596F4}.Release|Any CPU.ActiveCfg = Release|Any CPU
		{7F2733C6-9DE0-4828-B5A5-71117C9596F4}.Release|Any CPU.Build.0 = Release|Any CPU
		{6F55BB77-1E8E-459C-BA2B-1EBBEA7152DB}.Debug|Any CPU.ActiveCfg = Debug|Any CPU
		{6F55BB77-1E8E-459C-BA2B-1EBBEA7152DB}.Debug|Any CPU.Build.0 = Debug|Any CPU
		{6F55BB77-1E8E-459C-BA2B-1EBBEA7152DB}.Release|Any CPU.ActiveCfg = Release|Any CPU
		{6F55BB77-1E8E-459C-BA2B-1EBBEA7152DB}.Release|Any CPU.Build.0 = Release|Any CPU
		{53E23987-53DB-42DE-8AF1-0ED9FC6C903A}.Debug|Any CPU.ActiveCfg = Debug|Any CPU
		{53E23987-53DB-42DE-8AF1-0ED9FC6C903A}.Debug|Any CPU.Build.0 = Debug|Any CPU
		{53E23987-53DB-42DE-8AF1-0ED9FC6C903A}.Release|Any CPU.ActiveCfg = Release|Any CPU
		{53E23987-53DB-42DE-8AF1-0ED9FC6C903A}.Release|Any CPU.Build.0 = Release|Any CPU
	EndGlobalSection
	GlobalSection(SolutionProperties) = preSolution
		HideSolutionNode = FALSE
	EndGlobalSection
	GlobalSection(ExtensibilityGlobals) = postSolution
		SolutionGuid = {B52B3A0C-9B4D-4C64-BD39-EBE59B07010D}
	EndGlobalSection
EndGlobal
